<?xml version="1.0" encoding="utf-8"?>
<Project ToolsVersion="4.0" xmlns="http://schemas.microsoft.com/developer/msbuild/2003">
  <ItemGroup>
    <Filter Include="Source Files">
      <UniqueIdentifier>{4FC737F1-C7A5-4376-A066-2A32D752A2FF}</UniqueIdentifier>
      <Extensions>cpp;c;cc;cxx;def;odl;idl;hpj;bat;asm;asmx</Extensions>
    </Filter>
    <Filter Include="Header Files">
      <UniqueIdentifier>{93995380-89BD-4b04-88EB-625FBE52EBFB}</UniqueIdentifier>
      <Extensions>h;hh;hpp;hxx;hm;inl;inc;ipp;xsd</Extensions>
    </Filter>
    <Filter Include="Resource Files">
      <UniqueIdentifier>{67DA6AB6-F800-4c08-8B7A-83BB121AAD01}</UniqueIdentifier>
      <Extensions>rc;ico;cur;bmp;dlg;rc2;rct;bin;rgs;gif;jpg;jpeg;jpe;resx;tiff;tif;png;wav;mfcribbon-ms</Extensions>
    </Filter>
    <Filter Include="Header Files\loop">
      <UniqueIdentifier>{4ce63a85-13ba-44ec-bb2f-8f60ff333bf7}</UniqueIdentifier>
    </Filter>
    <Filter Include="Source Files\loop">
      <UniqueIdentifier>{35887b01-acff-4675-8dd1-005c652bb6ad}</UniqueIdentifier>
    </Filter>
    <Filter Include="Source Files\util">
      <UniqueIdentifier>{6b043ef6-fad7-4a6e-b7a2-a06429dda988}</UniqueIdentifier>
    </Filter>
    <Filter Include="Header Files\util">
      <UniqueIdentifier>{5b39a473-8580-488f-bb5d-32b32a200505}</UniqueIdentifier>
    </Filter>
    <Filter Include="Resource Files\font">
      <UniqueIdentifier>{0114de62-7ff1-4413-8803-34433d1a6946}</UniqueIdentifier>
    </Filter>
    <Filter Include="Resource Files\readme">
      <UniqueIdentifier>{2af170f2-f0f4-4dab-92da-993964460667}</UniqueIdentifier>
    </Filter>
    <Filter Include="Source Files\sprite">
      <UniqueIdentifier>{928f3f11-37d4-493d-9c5d-b6c78dd275a4}</UniqueIdentifier>
    </Filter>
    <Filter Include="Header Files\sprite">
      <UniqueIdentifier>{7522af86-a9ce-4326-8a52-9fafe6a60eef}</UniqueIdentifier>
    </Filter>
    <Filter Include="Resource Files\png">
      <UniqueIdentifier>{02331916-13f7-41cf-8ea5-1cdc59a849dc}</UniqueIdentifier>
    </Filter>
    <Filter Include="Source Files\ui">
      <UniqueIdentifier>{d5ab2f88-1cb9-49c4-ab62-e9fca9dd5c8e}</UniqueIdentifier>
    </Filter>
    <Filter Include="Header Files\ui">
      <UniqueIdentifier>{39ad3540-e10f-4f82-a35c-9dd6ca3e616b}</UniqueIdentifier>
    </Filter>
  </ItemGroup>
  <ItemGroup>
    <ClCompile Include="main.cpp">
      <Filter>Source Files</Filter>
    </ClCompile>
    <ClCompile Include="src\loop\Game.cpp">
      <Filter>Source Files\loop</Filter>
    </ClCompile>
    <ClCompile Include="src\util\GameParameters.cpp">
      <Filter>Source Files\util</Filter>
    </ClCompile>
    <ClCompile Include="src\sprite\ActionSprite.cpp">
      <Filter>Source Files\sprite</Filter>
    </ClCompile>
    <ClCompile Include="src\loop\RenderLoop.cpp">
      <Filter>Source Files\loop</Filter>
    </ClCompile>
    <ClCompile Include="src\loop\ActionLoop.cpp">
      <Filter>Source Files\loop</Filter>
    </ClCompile>
  </ItemGroup>
  <ItemGroup>
    <ClInclude Include="inc\loop\Game.hpp">
      <Filter>Header Files\loop</Filter>
    </ClInclude>
    <ClInclude Include="inc\util\GameParameters.hpp">
      <Filter>Header Files\util</Filter>
    </ClInclude>
    <ClInclude Include="inc\sprite\ActionSprite.hpp">
      <Filter>Header Files\sprite</Filter>
    </ClInclude>
    <ClInclude Include="inc\loop\RenderLoop.hpp">
      <Filter>Header Files\loop</Filter>
    </ClInclude>
    <ClInclude Include="inc\loop\ActionLoop.hpp">
      <Filter>Header Files\loop</Filter>
    </ClInclude>
    <ClInclude Include="resource.h">
      <Filter>Header Files</Filter>
    </ClInclude>
  </ItemGroup>
  <ItemGroup>
    <Font Include="res\font\arial.ttf">
      <Filter>Resource Files\font</Filter>
    </Font>
  </ItemGroup>
  <ItemGroup>
    <Image Include="res\png\white_square.png">
      <Filter>Resource Files\png</Filter>
    </Image>
  </ItemGroup>
</Project>